<Solution>
  <Folder Name="/1-task/">
    <Project Path="StringCompressor.Core/StringCompressor.Core.csproj" Id="aed715d6-90ad-4e44-a776-3c664e066e6f" />
    <Project Path="StringCompressor.Tests/StringCompressor.Tests.csproj" Id="782764c3-fbe7-43ee-8335-79d26f11fb2c" />
  </Folder>
  <Folder Name="/2-task/">
    <Project Path="Counter.Core/Counter.Core.csproj" Id="9a1f51fb-fca2-494c-940b-c40d7645e2da" />
    <Project Path="Counter.Tests/Counter.Tests.csproj" Id="275b60ef-9243-4553-a1a4-6126101e3ea6" />
  </Folder>
  <Folder Name="/3-task/">
    <Project Path="LogStandardizer.Console/LogStandardizer.Console.csproj" Id="628db5e5-f4d4-49d8-b0fe-fffbe0a409da" />
    <Project Path="LogStandardizer.Core/LogStandardizer.Core.csproj" Id="e791a215-5bdc-45f0-97e3-990fc1f83b30" />
    <Project Path="LogStandardizer.Tests/LogStandardizer.Tests.csproj" Id="1261cdfe-64e3-4bb2-8b0d-b1fdfe6717eb" />
  </Folder>
</Solution>
